
Microsoft Visual Studio Solution File, Format Version 12.00
# Visual Studio Version 17
VisualStudioVersion = 17.7.34024.191
MinimumVisualStudioVersion = 10.0.40219.1
Project("{FAE04EC0-301F-11D3-BF4B-00C04F79EFBC}") = "HitMarkers", "HitMarkers\HitMarkers.csproj", "{7090D088-8369-483D-AC37-19F6111222F8}"
EndProject
Global
	GlobalSection(SolutionConfigurationPlatforms) = preSolution
		Debug|Any CPU = Debug|Any CPU
		Release|Any CPU = Release|Any CPU
	EndGlobalSection
	GlobalSection(ProjectConfigurationPlatforms) = postSolution
		{7090D088-8369-483D-AC37-19F6111222F8}.Debug|Any CPU.ActiveCfg = Debug|Any CPU
		{7090D088-8369-483D-AC37-19F6111222F8}.Debug|Any CPU.Build.0 = Debug|Any CPU
		{7090D088-8369-483D-AC37-19F6111222F8}.Release|Any CPU.ActiveCfg = Release|Any CPU
		{7090D088-8369-483D-AC37-19F6111222F8}.Release|Any CPU.Build.0 = Release|Any CPU
	EndGlobalSection
	GlobalSection(SolutionProperties) = preSolution
		HideSolutionNode = FALSE
	EndGlobalSection
	GlobalSection(ExtensibilityGlobals) = postSolution
		SolutionGuid = {763503DC-60E6-45BF-A3BA-2E0E71B8F573}
	EndGlobalSection
EndGlobal
